
Microsoft Visual Studio Solution File, Format Version 12.00
# Visual Studio Version 17
VisualStudioVersion = 17.5.33502.453
MinimumVisualStudioVersion = 10.0.40219.1
Project("{FAE04EC0-301F-11D3-BF4B-00C04F79EFBC}") = "S2 Uncorkd", "S2 Uncorkd\S2 Uncorkd.csproj", "{C5DC78DD-20A6-4EC5-81B6-972F9AE99436}"
EndProject
Project("{FAE04EC0-301F-11D3-BF4B-00C04F79EFBC}") = "Uncorkd BLL", "Uncorkd BLL\Uncorkd BLL.csproj", "{29DC41F4-983E-42BC-9086-1AD341CE90BD}"
EndProject
Project("{FAE04EC0-301F-11D3-BF4B-00C04F79EFBC}") = "Uncorkd DAL", "Uncorkd DAL\Uncorkd DAL.csproj", "{41491155-D399-48B4-84DE-460B854B5B54}"
EndProject
Project("{FAE04EC0-301F-11D3-BF4B-00C04F79EFBC}") = "Uncorkd DTO", "Uncorkd DTO\Uncorkd DTO.csproj", "{883D1754-2EDD-4F41-A550-FD10218B9E16}"
EndProject
Global
	GlobalSection(SolutionConfigurationPlatforms) = preSolution
		Debug|Any CPU = Debug|Any CPU
		Release|Any CPU = Release|Any CPU
	EndGlobalSection
	GlobalSection(ProjectConfigurationPlatforms) = postSolution
		{C5DC78DD-20A6-4EC5-81B6-972F9AE99436}.Debug|Any CPU.ActiveCfg = Debug|Any CPU
		{C5DC78DD-20A6-4EC5-81B6-972F9AE99436}.Debug|Any CPU.Build.0 = Debug|Any CPU
		{C5DC78DD-20A6-4EC5-81B6-972F9AE99436}.Release|Any CPU.ActiveCfg = Release|Any CPU
		{C5DC78DD-20A6-4EC5-81B6-972F9AE99436}.Release|Any CPU.Build.0 = Release|Any CPU
		{29DC41F4-983E-42BC-9086-1AD341CE90BD}.Debug|Any CPU.ActiveCfg = Debug|Any CPU
		{29DC41F4-983E-42BC-9086-1AD341CE90BD}.Debug|Any CPU.Build.0 = Debug|Any CPU
		{29DC41F4-983E-42BC-9086-1AD341CE90BD}.Release|Any CPU.ActiveCfg = Release|Any CPU
		{29DC41F4-983E-42BC-9086-1AD341CE90BD}.Release|Any CPU.Build.0 = Release|Any CPU
		{41491155-D399-48B4-84DE-460B854B5B54}.Debug|Any CPU.ActiveCfg = Debug|Any CPU
		{41491155-D399-48B4-84DE-460B854B5B54}.Debug|Any CPU.Build.0 = Debug|Any CPU
		{41491155-D399-48B4-84DE-460B854B5B54}.Release|Any CPU.ActiveCfg = Release|Any CPU
		{41491155-D399-48B4-84DE-460B854B5B54}.Release|Any CPU.Build.0 = Release|Any CPU
		{883D1754-2EDD-4F41-A550-FD10218B9E16}.Debug|Any CPU.ActiveCfg = Debug|Any CPU
		{883D1754-2EDD-4F41-A550-FD10218B9E16}.Debug|Any CPU.Build.0 = Debug|Any CPU
		{883D1754-2EDD-4F41-A550-FD10218B9E16}.Release|Any CPU.ActiveCfg = Release|Any CPU
		{883D1754-2EDD-4F41-A550-FD10218B9E16}.Release|Any CPU.Build.0 = Release|Any CPU
	EndGlobalSection
	GlobalSection(SolutionProperties) = preSolution
		HideSolutionNode = FALSE
	EndGlobalSection
	GlobalSection(ExtensibilityGlobals) = postSolution
		SolutionGuid = {D7139C69-4FB8-4DF0-AB80-DE5E530B1C1D}
	EndGlobalSection
EndGlobal
